[[package]]
name = "cvxpy"
version = "1.2.1"
description = "A domain-specific language for modeling convex optimization problems in Python."
category = "main"
optional = false
python-versions = ">=3.7"

[package.dependencies]
ecos = ">=2"
numpy = ">=1.15"
osqp = ">=0.4.1"
scipy = ">=1.1.0"
scs = ">=1.1.6"

[[package]]
name = "ecos"
version = "2.0.10"
description = "This is the Python package for ECOS: Embedded Cone Solver. See Github page for more information."
category = "main"
optional = false
python-versions = "*"

[package.dependencies]
numpy = ">=1.6"
scipy = ">=0.9"

[[package]]
name = "joblib"
version = "1.2.0"
description = "Lightweight pipelining with Python functions"
category = "main"
optional = false
python-versions = ">=3.7"

[[package]]
name = "numpy"
version = "1.23.3"
description = "NumPy is the fundamental package for array computing with Python."
category = "main"
optional = false
python-versions = ">=3.8"

[[package]]
name = "osqp"
version = "0.6.2.post5"
description = "OSQP: The Operator Splitting QP Solver"
category = "main"
optional = false
python-versions = "*"

[package.dependencies]
numpy = ">=1.7"
qdldl = "*"
scipy = ">=0.13.2"

[[package]]
name = "qdldl"
version = "0.1.5.post2"
description = "QDLDL, a free LDL factorization routine."
category = "main"
optional = false
python-versions = "*"

[package.dependencies]
numpy = ">=1.7"
scipy = ">=0.13.2"

[[package]]
name = "scikit-learn"
version = "1.1.2"
description = "A set of python modules for machine learning and data mining"
category = "main"
optional = false
python-versions = ">=3.8"

[package.dependencies]
joblib = ">=1.0.0"
numpy = ">=1.17.3"
scipy = ">=1.3.2"
threadpoolctl = ">=2.0.0"

[package.extras]
benchmark = ["matplotlib (>=3.1.2)", "memory-profiler (>=0.57.0)", "pandas (>=1.0.5)"]
docs = ["Pillow (>=7.1.2)", "matplotlib (>=3.1.2)", "memory-profiler (>=0.57.0)", "numpydoc (>=1.2.0)", "pandas (>=1.0.5)", "scikit-image (>=0.16.2)", "seaborn (>=0.9.0)", "sphinx (>=4.0.1)", "sphinx-gallery (>=0.7.0)", "sphinx-prompt (>=1.3.0)", "sphinxext-opengraph (>=0.4.2)"]
examples = ["matplotlib (>=3.1.2)", "pandas (>=1.0.5)", "scikit-image (>=0.16.2)", "seaborn (>=0.9.0)"]
tests = ["black (>=22.3.0)", "flake8 (>=3.8.2)", "matplotlib (>=3.1.2)", "mypy (>=0.961)", "numpydoc (>=1.2.0)", "pandas (>=1.0.5)", "pyamg (>=4.0.0)", "pytest (>=5.0.1)", "pytest-cov (>=2.9.0)", "scikit-image (>=0.16.2)"]

[[package]]
name = "scipy"
version = "1.6.1"
description = "SciPy: Scientific Library for Python"
category = "main"
optional = false
python-versions = ">=3.7"

[package.dependencies]
numpy = ">=1.16.5"

[[package]]
name = "scs"
version = "3.2.0"
description = "scs: splitting conic solver"
category = "main"
optional = false
python-versions = "*"

[package.dependencies]
numpy = ">=1.7"
scipy = ">=0.13.2"

[[package]]
name = "threadpoolctl"
version = "3.1.0"
description = "threadpoolctl"
category = "main"
optional = false
python-versions = ">=3.6"

[metadata]
lock-version = "1.1"
python-versions = "^3.9"
content-hash = "0d89f5c708a17764b386105d8682e819548f3b3ec734ff8e6ebd26fe63e8fa88"

[metadata.files]
cvxpy = [
    {file = "cvxpy-1.2.1-1-cp39-cp39-macosx_10_9_x86_64.whl", hash = "sha256:e0f85757a936905c64f92e84b06e04d0bc9e7b8ab932ebf9b0c7e80949b60160"},
    {file = "cvxpy-1.2.1-cp310-cp310-macosx_10_9_universal2.whl", hash = "sha256:e98a5aadf033ab9b8f7c0e3aca920e4413ca181cd6eaa18c7c3386225bfbcb19"},
    {file = "cvxpy-1.2.1-cp310-cp310-macosx_10_9_x86_64.whl", hash = "sha256:4e081576a625255bd3949d8d7f751a5d0175b2db512673e0ebc19fcabdfdb60a"},
    {file = "cvxpy-1.2.1-cp310-cp310-manylinux_2_24_x86_64.whl", hash = "sha256:55b1cdbfb7fb7eba53077b5154d5287e8a0d31404eb342737eb1db360a265eef"},
    {file = "cvxpy-1.2.1-cp310-cp310-win_amd64.whl", hash = "sha256:0da15d10459908d1964cf2f35c706a99150ab22a1243d98796943d7daa43aa95"},
    {file = "cvxpy-1.2.1-cp37-cp37m-macosx_10_9_x86_64.whl", hash = "sha256:8d51712e1f5cee68de1068a28d72d4ca855acae7162ded3872fa7bd46b9051d3"},
    {file = "cvxpy-1.2.1-cp37-cp37m-manylinux_2_24_x86_64.whl", hash = "sha256:94ad386214e8b92b990caa2e3367cf503b03c0ded8ba4d3a4b916fe310bac97f"},
    {file = "cvxpy-1.2.1-cp37-cp37m-win_amd64.whl", hash = "sha256:21efdff59d3128b23c18f1a0c82bc8cf177ac40de0c10aece4e7536c4b942abe"},
    {file = "cvxpy-1.2.1-cp38-cp38-macosx_10_9_universal2.whl", hash = "sha256:f76d5740bcfd968cf3601c98c709ca5279886c2b47829cbfe85f48e37ec0844b"},
    {file = "cvxpy-1.2.1-cp38-cp38-macosx_10_9_x86_64.whl", hash = "sha256:8861a12efa88e626fd932eb5ca8e5b97bc55efaba0a4b580265990ae3b29f323"},
    {file = "cvxpy-1.2.1-cp38-cp38-manylinux_2_24_x86_64.whl", hash = "sha256:b6a3d1e5f37c6bb01cbaf1e6574c805499ef60619ca0dcac4927c403c4a6f46c"},
    {file = "cvxpy-1.2.1-cp38-cp38-win_amd64.whl", hash = "sha256:08711eda2b7c371b67450e1e7de98223b4940a89b065e3295777b184b9e9131b"},
    {file = "cvxpy-1.2.1-cp39-cp39-macosx_10_9_universal2.whl", hash = "sha256:89125916eb98a0f3da326d5a70853eea2a911cbded1235827ee23d0556ff80e4"},
    {file = "cvxpy-1.2.1-cp39-cp39-manylinux_2_24_x86_64.whl", hash = "sha256:0ed7e4b4bbcc80a55582e62d5688e2202f33dde3d0fceb23c81373dc6257d745"},
    {file = "cvxpy-1.2.1-cp39-cp39-win_amd64.whl", hash = "sha256:8df52e9b0817d15814f3cdc7861c65b6f4e5554d90429fe4cfecb7bdd91994cf"},
    {file = "cvxpy-1.2.1.tar.gz", hash = "sha256:6d67642643d1ddb2f2af59b466b87d42c4a2e367831ad7b43c33b59eefa5b50e"},
]
ecos = [
    {file = "ecos-2.0.10-cp310-cp310-macosx_10_9_x86_64.whl", hash = "sha256:533e1a0dec84e4e9a882b401a59b821da192f7fe4f32c6d65e400b6425858775"},
    {file = "ecos-2.0.10-cp310-cp310-manylinux_2_17_x86_64.manylinux2014_x86_64.manylinux_2_24_x86_64.whl", hash = "sha256:9b1e8134e822583f457d7759cab030e6076732bcbe977ceb1c64d8fe99c17bc3"},
    {file = "ecos-2.0.10-cp310-cp310-win_amd64.whl", hash = "sha256:d1b7058c71808cb35e16217b832d2bf944f9a64ef852f6bd707ae66b474071e6"},
    {file = "ecos-2.0.10-cp36-cp36m-macosx_10_9_x86_64.whl", hash = "sha256:ae8bf83a9146741faaf36448eaeeef83b4dd7a9e88b80fe0e89b03d403e3096c"},
    {file = "ecos-2.0.10-cp36-cp36m-manylinux_2_17_x86_64.manylinux2014_x86_64.manylinux_2_24_x86_64.whl", hash = "sha256:6bfe0211b99094efea0c469abbd64a7f6b991dcf0a8bed7c591c6218607a9504"},
    {file = "ecos-2.0.10-cp36-cp36m-win_amd64.whl", hash = "sha256:14deff01083fe8f54c52bee8f678eaebae54bc1eecce276324bf8ce30c306778"},
    {file = "ecos-2.0.10-cp37-cp37m-macosx_10_9_x86_64.whl", hash = "sha256:d5944f9acdfd1d23fb16a22da1e78ae98981c283e16a27fbd7cf3d52e670222b"},
    {file = "ecos-2.0.10-cp37-cp37m-manylinux_2_17_x86_64.manylinux2014_x86_64.manylinux_2_24_x86_64.whl", hash = "sha256:8f64207b256ec8ee2ee54411927604b10e56b554bd608c7af5529c3bea93eafd"},
    {file = "ecos-2.0.10-cp37-cp37m-win_amd64.whl", hash = "sha256:13cfe9a4134b7a2f3a8f4b8d88ce5d5106bac3d168c356b0d77e1dd2ea9dc42d"},
    {file = "ecos-2.0.10-cp38-cp38-macosx_10_9_x86_64.whl", hash = "sha256:8a116ebad51aeb8847ddf05bb1e432f56f6a495682406f237a7f1633374b8356"},
    {file = "ecos-2.0.10-cp38-cp38-manylinux_2_17_x86_64.manylinux2014_x86_64.manylinux_2_24_x86_64.whl", hash = "sha256:6ed5ee0610b06911b6839e095a392cce52f8d88bedf86a381a9ed93c3af2a677"},
    {file = "ecos-2.0.10-cp38-cp38-win_amd64.whl", hash = "sha256:d8afaeb204c6cbb706ebee218e3817a735ba9f7b33edc20844e6fda54946403c"},
    {file = "ecos-2.0.10-cp39-cp39-macosx_10_9_x86_64.whl", hash = "sha256:b25f75808a2e136b8adc9c4dca0f3c56fc8d8256fb3c19cd162194125b4e52a9"},
    {file = "ecos-2.0.10-cp39-cp39-manylinux_2_17_x86_64.manylinux2014_x86_64.manylinux_2_24_x86_64.whl", hash = "sha256:48948eadd2e45dd9766f0686e3de27cc6ae8e9dc85c1a2139f712b9703b0374c"},
    {file = "ecos-2.0.10-cp39-cp39-win_amd64.whl", hash = "sha256:98c8e3b7247e7c63852974a9c4b1acc5804269b50a1aba3447220cad5e4c617f"},
    {file = "ecos-2.0.10.tar.gz", hash = "sha256:9391a73fd25b2fc56b163a2a70c78973458bb194fe475b6c27672c0d980a47cf"},
]
joblib = [
    {file = "joblib-1.2.0-py3-none-any.whl", hash = "sha256:091138ed78f800342968c523bdde947e7a305b8594b910a0fea2ab83c3c6d385"},
    {file = "joblib-1.2.0.tar.gz", hash = "sha256:e1cee4a79e4af22881164f218d4311f60074197fb707e082e803b61f6d137018"},
]
numpy = [
    {file = "numpy-1.23.3-cp310-cp310-macosx_10_9_x86_64.whl", hash = "sha256:c9f707b5bb73bf277d812ded9896f9512a43edff72712f31667d0a8c2f8e71ee"},
    {file = "numpy-1.23.3-cp310-cp310-macosx_11_0_arm64.whl", hash = "sha256:ffcf105ecdd9396e05a8e58e81faaaf34d3f9875f137c7372450baa5d77c9a54"},
    {file = "numpy-1.23.3-cp310-cp310-manylinux_2_17_aarch64.manylinux2014_aarch64.whl", hash = "sha256:0ea3f98a0ffce3f8f57675eb9119f3f4edb81888b6874bc1953f91e0b1d4f440"},
    {file = "numpy-1.23.3-cp310-cp310-manylinux_2_17_x86_64.manylinux2014_x86_64.whl", hash = "sha256:004f0efcb2fe1c0bd6ae1fcfc69cc8b6bf2407e0f18be308612007a0762b4089"},
    {file = "numpy-1.23.3-cp310-cp310-win32.whl", hash = "sha256:98dcbc02e39b1658dc4b4508442a560fe3ca5ca0d989f0df062534e5ca3a5c1a"},
    {file = "numpy-1.23.3-cp310-cp310-win_amd64.whl", hash = "sha256:39a664e3d26ea854211867d20ebcc8023257c1800ae89773cbba9f9e97bae036"},
    {file = "numpy-1.23.3-cp311-cp311-macosx_10_9_x86_64.whl", hash = "sha256:1f27b5322ac4067e67c8f9378b41c746d8feac8bdd0e0ffede5324667b8a075c"},
    {file = "numpy-1.23.3-cp311-cp311-macosx_11_0_arm64.whl", hash = "sha256:2ad3ec9a748a8943e6eb4358201f7e1c12ede35f510b1a2221b70af4bb64295c"},
    {file = "numpy-1.23.3-cp311-cp311-manylinux_2_17_aarch64.manylinux2014_aarch64.whl", hash = "sha256:bdc9febce3e68b697d931941b263c59e0c74e8f18861f4064c1f712562903411"},
    {file = "numpy-1.23.3-cp311-cp311-manylinux_2_17_x86_64.manylinux2014_x86_64.whl", hash = "sha256:301c00cf5e60e08e04d842fc47df641d4a181e651c7135c50dc2762ffe293dbd"},
    {file = "numpy-1.23.3-cp311-cp311-win32.whl", hash = "sha256:7cd1328e5bdf0dee621912f5833648e2daca72e3839ec1d6695e91089625f0b4"},
    {file = "numpy-1.23.3-cp311-cp311-win_amd64.whl", hash = "sha256:8355fc10fd33a5a70981a5b8a0de51d10af3688d7a9e4a34fcc8fa0d7467bb7f"},
    {file = "numpy-1.23.3-cp38-cp38-macosx_10_9_x86_64.whl", hash = "sha256:bc6e8da415f359b578b00bcfb1d08411c96e9a97f9e6c7adada554a0812a6cc6"},
    {file = "numpy-1.23.3-cp38-cp38-macosx_11_0_arm64.whl", hash = "sha256:22d43376ee0acd547f3149b9ec12eec2f0ca4a6ab2f61753c5b29bb3e795ac4d"},
    {file = "numpy-1.23.3-cp38-cp38-manylinux_2_17_aarch64.manylinux2014_aarch64.whl", hash = "sha256:a64403f634e5ffdcd85e0b12c08f04b3080d3e840aef118721021f9b48fc1460"},
    {file = "numpy-1.23.3-cp38-cp38-manylinux_2_17_x86_64.manylinux2014_x86_64.whl", hash = "sha256:efd9d3abe5774404becdb0748178b48a218f1d8c44e0375475732211ea47c67e"},
    {file = "numpy-1.23.3-cp38-cp38-win32.whl", hash = "sha256:f8c02ec3c4c4fcb718fdf89a6c6f709b14949408e8cf2a2be5bfa9c49548fd85"},
    {file = "numpy-1.23.3-cp38-cp38-win_amd64.whl", hash = "sha256:e868b0389c5ccfc092031a861d4e158ea164d8b7fdbb10e3b5689b4fc6498df6"},
    {file = "numpy-1.23.3-cp39-cp39-macosx_10_9_x86_64.whl", hash = "sha256:09f6b7bdffe57fc61d869a22f506049825d707b288039d30f26a0d0d8ea05164"},
    {file = "numpy-1.23.3-cp39-cp39-macosx_11_0_arm64.whl", hash = "sha256:8c79d7cf86d049d0c5089231a5bcd31edb03555bd93d81a16870aa98c6cfb79d"},
    {file = "numpy-1.23.3-cp39-cp39-manylinux_2_17_aarch64.manylinux2014_aarch64.whl", hash = "sha256:e5d5420053bbb3dd64c30e58f9363d7a9c27444c3648e61460c1237f9ec3fa14"},
    {file = "numpy-1.23.3-cp39-cp39-manylinux_2_17_x86_64.manylinux2014_x86_64.whl", hash = "sha256:d5422d6a1ea9b15577a9432e26608c73a78faf0b9039437b075cf322c92e98e7"},
    {file = "numpy-1.23.3-cp39-cp39-win32.whl", hash = "sha256:c1ba66c48b19cc9c2975c0d354f24058888cdc674bebadceb3cdc9ec403fb5d1"},
    {file = "numpy-1.23.3-cp39-cp39-win_amd64.whl", hash = "sha256:78a63d2df1d947bd9d1b11d35564c2f9e4b57898aae4626638056ec1a231c40c"},
    {file = "numpy-1.23.3-pp38-pypy38_pp73-macosx_10_9_x86_64.whl", hash = "sha256:17c0e467ade9bda685d5ac7f5fa729d8d3e76b23195471adae2d6a6941bd2c18"},
    {file = "numpy-1.23.3-pp38-pypy38_pp73-manylinux_2_17_x86_64.manylinux2014_x86_64.whl", hash = "sha256:91b8d6768a75247026e951dce3b2aac79dc7e78622fc148329135ba189813584"},
    {file = "numpy-1.23.3-pp38-pypy38_pp73-win_amd64.whl", hash = "sha256:94c15ca4e52671a59219146ff584488907b1f9b3fc232622b47e2cf832e94fb8"},
    {file = "numpy-1.23.3.tar.gz", hash = "sha256:51bf49c0cd1d52be0a240aa66f3458afc4b95d8993d2d04f0d91fa60c10af6cd"},
]
osqp = [
    {file = "osqp-0.6.2.post5-cp310-cp310-macosx_10_9_x86_64.whl", hash = "sha256:c7b3ae95221ad6f607dc4a69f36b7a0c71ca434ce85dcbf5cfa084770be5b249"},
    {file = "osqp-0.6.2.post5-cp310-cp310-manylinux_2_5_x86_64.manylinux1_x86_64.manylinux_2_17_x86_64.manylinux2014_x86_64.whl", hash = "sha256:26664bd4238f0f92642f532b23e61efba810a6debba0b3117300749f801e9c25"},
    {file = "osqp-0.6.2.post5-cp310-cp310-win_amd64.whl", hash = "sha256:ff71646bc9d55c5b3a72cc9b4197e51c36d25d8b2bb81f975d3ce7772ff188ec"},
    {file = "osqp-0.6.2.post5-cp36-cp36m-macosx_10_9_x86_64.whl", hash = "sha256:4ca601c5008600b3e0a408339be21f9d626c497b0b0c4dbe4ffe6d6dbbed1b9f"},
    {file = "osqp-0.6.2.post5-cp36-cp36m-manylinux_2_5_x86_64.manylinux1_x86_64.manylinux_2_17_x86_64.manylinux2014_x86_64.whl", hash = "sha256:c07602c8747ce7a177d091bb6d47ce8f214997a86b7577ddee4adae43e9ac92f"},
    {file = "osqp-0.6.2.post5-cp36-cp36m-win_amd64.whl", hash = "sha256:8c2e40e6788b860887d584a9929ad1c0e436aab8f82bb24da7b165034cb04017"},
    {file = "osqp-0.6.2.post5-cp37-cp37m-macosx_10_9_x86_64.whl", hash = "sha256:73a307a93fa7ab68b610e08637c95940070a27f11fda5a2e7a7095cfaff3f0ef"},
    {file = "osqp-0.6.2.post5-cp37-cp37m-manylinux_2_5_x86_64.manylinux1_x86_64.manylinux_2_17_x86_64.manylinux2014_x86_64.whl", hash = "sha256:77408f93ed261581fe498505c69480fb8584c8c0da2a2cd0710bb4bae0c872f5"},
    {file = "osqp-0.6.2.post5-cp37-cp37m-win_amd64.whl", hash = "sha256:648cb4e34caf0ee948b34a1d0b184f5233e30009090884e0d75503f868bf7b1f"},
    {file = "osqp-0.6.2.post5-cp38-cp38-macosx_10_9_x86_64.whl", hash = "sha256:51a315e02a4cb42e1911047ec6b2a44b67a269d4b5d37d7ee737654206915c82"},
    {file = "osqp-0.6.2.post5-cp38-cp38-manylinux_2_5_x86_64.manylinux1_x86_64.manylinux_2_17_x86_64.manylinux2014_x86_64.whl", hash = "sha256:c23bb95e6f72c6b253737edb9e4ef47ceccc3d891c287041ed5fe5f173d317bb"},
    {file = "osqp-0.6.2.post5-cp38-cp38-win_amd64.whl", hash = "sha256:908d42fb5d1d9cb36d74a8f3db69384ed1813f1a3e755367557395ce7cf05e16"},
    {file = "osqp-0.6.2.post5-cp39-cp39-macosx_10_9_x86_64.whl", hash = "sha256:c9470c5d58535d31080cb693568916a3e837f09dfa94819a85284b36b3626738"},
    {file = "osqp-0.6.2.post5-cp39-cp39-manylinux_2_5_x86_64.manylinux1_x86_64.manylinux_2_17_x86_64.manylinux2014_x86_64.whl", hash = "sha256:8003fc363f707daa46fef3af548e6a580372154d6cd49a7bf2f569ba5f807d15"},
    {file = "osqp-0.6.2.post5-cp39-cp39-win_amd64.whl", hash = "sha256:b1e30d6fa10ed11a95023d7308ec1588de3f5b049d09a4d0cc49e057f8e9ce47"},
    {file = "osqp-0.6.2.post5.tar.gz", hash = "sha256:b2fa17aae42a7ed498ec261b33f262bb4b3605e7e8464062159d9fae817f0d61"},
]
qdldl = [
    {file = "qdldl-0.1.5.post2-cp310-cp310-macosx_10_9_x86_64.whl", hash = "sha256:408a34b735be5425dc088cdebb1129f0f5d8cc9fd8c888fc9ed0bd1a02a65d6f"},
    {file = "qdldl-0.1.5.post2-cp310-cp310-manylinux_2_17_x86_64.manylinux2014_x86_64.whl", hash = "sha256:227fe8988a86b9f9ed341ad20d11502789b4d05bceddb09a47dbb24b08d79966"},
    {file = "qdldl-0.1.5.post2-cp310-cp310-win_amd64.whl", hash = "sha256:655f5e83c9e46f2d9b32508852d92b6e8fa6d166a6f48960aac54e81cd578417"},
    {file = "qdldl-0.1.5.post2-cp36-cp36m-macosx_10_9_x86_64.whl", hash = "sha256:ae0b70e7599dd58ef16d6500947b8d2bdd4272ffbbd2ebf5c516691fdfb82212"},
    {file = "qdldl-0.1.5.post2-cp36-cp36m-manylinux_2_17_x86_64.manylinux2014_x86_64.whl", hash = "sha256:ae054e987066ae861c0bc648a7cdd523cfb1849353bc9b1591ecbf2a55ca8b7d"},
    {file = "qdldl-0.1.5.post2-cp36-cp36m-win_amd64.whl", hash = "sha256:ab77ca440cbca98377e3ade32860c8d7e4fa97759d6266759a7e2f718ec4ded1"},
    {file = "qdldl-0.1.5.post2-cp37-cp37m-macosx_10_9_x86_64.whl", hash = "sha256:fa7057d8888ea8ebba859da8b25d40e10e2f12013f6b0b033c9ab6e68cd10763"},
    {file = "qdldl-0.1.5.post2-cp37-cp37m-manylinux_2_17_x86_64.manylinux2014_x86_64.whl", hash = "sha256:879cd43b41babda79d4896f6b5a79dfbf96be5f13489553c793659116a2e9ce4"},
    {file = "qdldl-0.1.5.post2-cp37-cp37m-win_amd64.whl", hash = "sha256:05b3079837c0ec86136b4a29b3842eab7bfc7a5517d751a3e5d0d5c111a2e523"},
    {file = "qdldl-0.1.5.post2-cp38-cp38-macosx_10_9_x86_64.whl", hash = "sha256:ffbdd5bd07f2340ad2ce01d44cc95223ffa256136ac5dc32f4f80926701640fb"},
    {file = "qdldl-0.1.5.post2-cp38-cp38-manylinux_2_17_x86_64.manylinux2014_x86_64.whl", hash = "sha256:438b303b8b7b95531d93b457657ec89e742bd90c9a72da1eebfb51095007922c"},
    {file = "qdldl-0.1.5.post2-cp38-cp38-win_amd64.whl", hash = "sha256:53b19b8509f529fa6fdc8f869f6172d5c89587b657aa24d958d339de3bc47a73"},
    {file = "qdldl-0.1.5.post2-cp39-cp39-macosx_10_9_x86_64.whl", hash = "sha256:d6f0f55bb853f10e3a2025193af2d1cc202697cc7985fe7785d681114c5b3cdb"},
    {file = "qdldl-0.1.5.post2-cp39-cp39-manylinux_2_17_x86_64.manylinux2014_x86_64.whl", hash = "sha256:15d0fbff31aa19195b135ca934cf75025d46a275d915eebb7c11a7d16e148096"},
    {file = "qdldl-0.1.5.post2-cp39-cp39-win_amd64.whl", hash = "sha256:5269f40521b12941f1334a162f8f06375df6a89f0f90d8a758ae3b83b8931b18"},
    {file = "qdldl-0.1.5.post2.tar.gz", hash = "sha256:7daf7ad1bfff1da71da06e82d5147bdb1ac866581617d8f06cc4eeda48e2a149"},
]
scikit-learn = [
    {file = "scikit-learn-1.1.2.tar.gz", hash = "sha256:7c22d1305b16f08d57751a4ea36071e2215efb4c09cb79183faa4e8e82a3dbf8"},
    {file = "scikit_learn-1.1.2-cp310-cp310-macosx_10_9_x86_64.whl", hash = "sha256:6c840f662b5d3377c4ccb8be1fc21bb52cb5d8b8790f8d6bf021739f84e543cf"},
    {file = "scikit_learn-1.1.2-cp310-cp310-macosx_12_0_arm64.whl", hash = "sha256:2b8db962360c93554cab7bb3c096c4a24695da394dd4b3c3f13409f409b425bc"},
    {file = "scikit_learn-1.1.2-cp310-cp310-manylinux_2_17_aarch64.manylinux2014_aarch64.whl", hash = "sha256:3e7d1fc817867a350133f937aaebcafbc06192517cbdf0cf7e5774ad4d1adb9f"},
    {file = "scikit_learn-1.1.2-cp310-cp310-manylinux_2_17_x86_64.manylinux2014_x86_64.whl", hash = "sha256:5ec3ea40d467966821843210c02117d82b097b54276fdcfb50f4dfb5c60dbe39"},
    {file = "scikit_learn-1.1.2-cp310-cp310-win_amd64.whl", hash = "sha256:bbef6ea1c012ff9f3e6f6e9ca006b8772d8383e177b898091e68fbd9b3f840f9"},
    {file = "scikit_learn-1.1.2-cp38-cp38-macosx_10_9_x86_64.whl", hash = "sha256:a90ca42fe8242fd6ff56cda2fecc5fca586a88a24ab602d275d2d0dcc0b928fb"},
    {file = "scikit_learn-1.1.2-cp38-cp38-macosx_12_0_arm64.whl", hash = "sha256:a682ec0f82b6f30fb07486daed1c8001b6683cc66b51877644dfc532bece6a18"},
    {file = "scikit_learn-1.1.2-cp38-cp38-manylinux_2_17_aarch64.manylinux2014_aarch64.whl", hash = "sha256:c33e16e9a165af6012f5be530ccfbb672e2bc5f9b840238a05eb7f6694304e3f"},
    {file = "scikit_learn-1.1.2-cp38-cp38-manylinux_2_17_x86_64.manylinux2014_x86_64.whl", hash = "sha256:f94c0146bad51daef919c402a3da8c1c6162619653e1c00c92baa168fda292f2"},
    {file = "scikit_learn-1.1.2-cp38-cp38-win32.whl", hash = "sha256:2f46c6e3ff1054a5ec701646dcfd61d43b8ecac4d416014daed8843cf4c33d4d"},
    {file = "scikit_learn-1.1.2-cp38-cp38-win_amd64.whl", hash = "sha256:b1e706deca9b2ad87ae27dafd5ac4e8eff01b6db492ed5c12cef4735ec5f21ea"},
    {file = "scikit_learn-1.1.2-cp39-cp39-macosx_10_9_x86_64.whl", hash = "sha256:567417dbbe6a6278399c3e6daf1654414a5a1a4d818d28f251fa7fc28730a1bf"},
    {file = "scikit_learn-1.1.2-cp39-cp39-macosx_12_0_arm64.whl", hash = "sha256:d6f232779023c3b060b80b5c82e5823723bc424dcac1d1a148aa2492c54d245d"},
    {file = "scikit_learn-1.1.2-cp39-cp39-manylinux_2_17_aarch64.manylinux2014_aarch64.whl", hash = "sha256:589d46f28460469f444b898223b13d99db9463e1038dc581ba698111f612264b"},
    {file = "scikit_learn-1.1.2-cp39-cp39-manylinux_2_17_x86_64.manylinux2014_x86_64.whl", hash = "sha256:76800652fb6d6bf527bce36ecc2cc25738b28fe1a17bd294a218fff8e8bd6d50"},
    {file = "scikit_learn-1.1.2-cp39-cp39-win32.whl", hash = "sha256:1c8fecb7c9984d9ec2ea48898229f98aad681a0873e0935f2b7f724fbce4a047"},
    {file = "scikit_learn-1.1.2-cp39-cp39-win_amd64.whl", hash = "sha256:407e9a1cb9e6ba458a539986a9bd25546a757088095b3aab91d465b79a760d37"},
]
scipy = [
    {file = "scipy-1.6.1-cp37-cp37m-macosx_10_9_x86_64.whl", hash = "sha256:a15a1f3fc0abff33e792d6049161b7795909b40b97c6cc2934ed54384017ab76"},
    {file = "scipy-1.6.1-cp37-cp37m-manylinux1_i686.whl", hash = "sha256:e79570979ccdc3d165456dd62041d9556fb9733b86b4b6d818af7a0afc15f092"},
    {file = "scipy-1.6.1-cp37-cp37m-manylinux1_x86_64.whl", hash = "sha256:a423533c55fec61456dedee7b6ee7dce0bb6bfa395424ea374d25afa262be261"},
    {file = "scipy-1.6.1-cp37-cp37m-manylinux2014_aarch64.whl", hash = "sha256:33d6b7df40d197bdd3049d64e8e680227151673465e5d85723b3b8f6b15a6ced"},
    {file = "scipy-1.6.1-cp37-cp37m-win32.whl", hash = "sha256:6725e3fbb47da428794f243864f2297462e9ee448297c93ed1dcbc44335feb78"},
    {file = "scipy-1.6.1-cp37-cp37m-win_amd64.whl", hash = "sha256:5fa9c6530b1661f1370bcd332a1e62ca7881785cc0f80c0d559b636567fab63c"},
    {file = "scipy-1.6.1-cp38-cp38-macosx_10_9_x86_64.whl", hash = "sha256:bd50daf727f7c195e26f27467c85ce653d41df4358a25b32434a50d8870fc519"},
    {file = "scipy-1.6.1-cp38-cp38-manylinux1_i686.whl", hash = "sha256:f46dd15335e8a320b0fb4685f58b7471702234cba8bb3442b69a3e1dc329c345"},
    {file = "scipy-1.6.1-cp38-cp38-manylinux1_x86_64.whl", hash = "sha256:0e5b0ccf63155d90da576edd2768b66fb276446c371b73841e3503be1d63fb5d"},
    {file = "scipy-1.6.1-cp38-cp38-manylinux2014_aarch64.whl", hash = "sha256:2481efbb3740977e3c831edfd0bd9867be26387cacf24eb5e366a6a374d3d00d"},
    {file = "scipy-1.6.1-cp38-cp38-win32.whl", hash = "sha256:68cb4c424112cd4be886b4d979c5497fba190714085f46b8ae67a5e4416c32b4"},
    {file = "scipy-1.6.1-cp38-cp38-win_amd64.whl", hash = "sha256:5f331eeed0297232d2e6eea51b54e8278ed8bb10b099f69c44e2558c090d06bf"},
    {file = "scipy-1.6.1-cp39-cp39-macosx_10_9_x86_64.whl", hash = "sha256:0c8a51d33556bf70367452d4d601d1742c0e806cd0194785914daf19775f0e67"},
    {file = "scipy-1.6.1-cp39-cp39-manylinux1_i686.whl", hash = "sha256:83bf7c16245c15bc58ee76c5418e46ea1811edcc2e2b03041b804e46084ab627"},
    {file = "scipy-1.6.1-cp39-cp39-manylinux1_x86_64.whl", hash = "sha256:794e768cc5f779736593046c9714e0f3a5940bc6dcc1dba885ad64cbfb28e9f0"},
    {file = "scipy-1.6.1-cp39-cp39-manylinux2014_aarch64.whl", hash = "sha256:5da5471aed911fe7e52b86bf9ea32fb55ae93e2f0fac66c32e58897cfb02fa07"},
    {file = "scipy-1.6.1-cp39-cp39-win32.whl", hash = "sha256:8e403a337749ed40af60e537cc4d4c03febddcc56cd26e774c9b1b600a70d3e4"},
    {file = "scipy-1.6.1-cp39-cp39-win_amd64.whl", hash = "sha256:a5193a098ae9f29af283dcf0041f762601faf2e595c0db1da929875b7570353f"},
    {file = "scipy-1.6.1.tar.gz", hash = "sha256:c4fceb864890b6168e79b0e714c585dbe2fd4222768ee90bc1aa0f8218691b11"},
]
scs = [
    {file = "scs-3.2.0-cp310-cp310-macosx_10_9_x86_64.whl", hash = "sha256:727d14eb509430c6f1524d97a7195d35241afde0514df2658d6d5adcf6db3342"},
    {file = "scs-3.2.0-cp310-cp310-manylinux_2_17_x86_64.manylinux2014_x86_64.whl", hash = "sha256:b559307b1ffcd72d1e8ecf6473c047834c546f65b1a90f560265dd5b24c36ba1"},
    {file = "scs-3.2.0-cp310-cp310-win_amd64.whl", hash = "sha256:438514dea72896805f15f0f66596393217abb3072c2be53f894b176866f00be4"},
    {file = "scs-3.2.0-cp36-cp36m-macosx_10_9_x86_64.whl", hash = "sha256:1ec501ed06cc07bf291256c3ed0a5a02361ef655aee3e034a5cbc0acfc12c6e2"},
    {file = "scs-3.2.0-cp36-cp36m-manylinux_2_17_x86_64.manylinux2014_x86_64.whl", hash = "sha256:f501e270b000ab61f8cde7793e8e44bec161cb7087944d8404bb3744b44ac932"},
    {file = "scs-3.2.0-cp36-cp36m-win_amd64.whl", hash = "sha256:4532a19e05cd7f115aa724606d0e39a72bbee366f5952d8e90d58954979eeb49"},
    {file = "scs-3.2.0-cp37-cp37m-macosx_10_9_x86_64.whl", hash = "sha256:0db0c7f4bd58dd7393d75aeb937854067297e26a3714c413c072bbaed069de05"},
    {file = "scs-3.2.0-cp37-cp37m-manylinux_2_17_x86_64.manylinux2014_x86_64.whl", hash = "sha256:fc5241cbc1da00b38a2c24a6ea427ee9f771879b9d7e9f5a8ff48bb2e270cdfd"},
    {file = "scs-3.2.0-cp37-cp37m-win_amd64.whl", hash = "sha256:a4c86eeadcb40350b74721d655fb9a8eb7e16ed2962fe4ae64473d0d47d276a1"},
    {file = "scs-3.2.0-cp38-cp38-macosx_10_9_x86_64.whl", hash = "sha256:390770e9af094f81f9c30ce11f119131e1db71f4663d28e1ec5c4fdbe9bf77b0"},
    {file = "scs-3.2.0-cp38-cp38-manylinux_2_17_x86_64.manylinux2014_x86_64.whl", hash = "sha256:ab1c5fada8b19d5413b4cfad9ede834d4cfdd479cc77598d927003657177b3f2"},
    {file = "scs-3.2.0-cp38-cp38-win_amd64.whl", hash = "sha256:9f8de9e078a1455dbb1995ce4494d9f88c5bf345f6e89c84714ebb89a7121593"},
    {file = "scs-3.2.0-cp39-cp39-macosx_10_9_x86_64.whl", hash = "sha256:76aa5b5d0b1baef4b675d1cde24da39b9bb7cbc6e05d437fd0c33071ca1de364"},
    {file = "scs-3.2.0-cp39-cp39-manylinux_2_17_x86_64.manylinux2014_x86_64.whl", hash = "sha256:fafefeec16d6d9117629b4776e54da5adb40200888fce9519e4b017931d2062a"},
    {file = "scs-3.2.0-cp39-cp39-win_amd64.whl", hash = "sha256:f3153e032f22c86f4b3c0024b6dca517dd243c7e26c01ccdd7747198af44a9f8"},
    {file = "scs-3.2.0.tar.gz", hash = "sha256:6a180d86f61999db50b6a305872056b798740c87c4245006924dd654b6a998dd"},
]
threadpoolctl = [
    {file = "threadpoolctl-3.1.0-py3-none-any.whl", hash = "sha256:8b99adda265feb6773280df41eece7b2e6561b772d21ffd52e372f999024907b"},
    {file = "threadpoolctl-3.1.0.tar.gz", hash = "sha256:a335baacfaa4400ae1f0d8e3a58d6674d2f8828e3716bb2802c44955ad391380"},
]
